
Microsoft Visual Studio Solution File, Format Version 12.00
# Visual Studio Version 17
VisualStudioVersion = 17.4.33205.214
MinimumVisualStudioVersion = 10.0.40219.1
Project("{FAE04EC0-301F-11D3-BF4B-00C04F79EFBC}") = "Scp1162", "Scp1162\Scp1162.csproj", "{64094A4F-1D7D-4083-8538-54BD650F8906}"
EndProject
Global
	GlobalSection(SolutionConfigurationPlatforms) = preSolution
		Debug|x64 = Debug|x64
		Release|x64 = Release|x64
	EndGlobalSection
	GlobalSection(ProjectConfigurationPlatforms) = postSolution
		{64094A4F-1D7D-4083-8538-54BD650F8906}.Debug|x64.ActiveCfg = Debug|x64
		{64094A4F-1D7D-4083-8538-54BD650F8906}.Debug|x64.Build.0 = Debug|x64
		{64094A4F-1D7D-4083-8538-54BD650F8906}.Release|x64.ActiveCfg = Release|x64
		{64094A4F-1D7D-4083-8538-54BD650F8906}.Release|x64.Build.0 = Release|x64
	EndGlobalSection
	GlobalSection(SolutionProperties) = preSolution
		HideSolutionNode = FALSE
	EndGlobalSection
	GlobalSection(ExtensibilityGlobals) = postSolution
		SolutionGuid = {E3279ED5-917E-425A-B25B-26A8A00F187A}
	EndGlobalSection
EndGlobal
